// !$*UTF8*$!
{
	archiveVersion = 1;
	classes = {
	};
	objectVersion = 47;
	objects = {

/* Begin PBXBuildFile section */
		422BC5771E0498FE00001677 /* AsyncDisplayKit.framework in Frameworks */ = {isa = PBXBuildFile; fileRef = 422BC5741E0498FE00001677 /* AsyncDisplayKit.framework */; };
		422BC5781E0498FE00001677 /* PINCache.framework in Frameworks */ = {isa = PBXBuildFile; fileRef = 422BC5751E0498FE00001677 /* PINCache.framework */; };
		422BC5791E0498FE00001677 /* PINRemoteImage.framework in Frameworks */ = {isa = PBXBuildFile; fileRef = 422BC5761E0498FE00001677 /* PINRemoteImage.framework */; };
		422BC5841E04999C00001677 /* AppDelegate.swift in Sources */ = {isa = PBXBuildFile; fileRef = 422BC5831E04999C00001677 /* AppDelegate.swift */; };
		422BC5861E04999C00001677 /* ViewController.swift in Sources */ = {isa = PBXBuildFile; fileRef = 422BC5851E04999C00001677 /* ViewController.swift */; };
		422BC5891E04999D00001677 /* Main.storyboard in Resources */ = {isa = PBXBuildFile; fileRef = 422BC5871E04999D00001677 /* Main.storyboard */; };
		422BC58E1E04999D00001677 /* LaunchScreen.storyboard in Resources */ = {isa = PBXBuildFile; fileRef = 422BC58C1E04999D00001677 /* LaunchScreen.storyboard */; };
		422BC5991E04999D00001677 /* ExampleTests.swift in Sources */ = {isa = PBXBuildFile; fileRef = 422BC5981E04999D00001677 /* ExampleTests.swift */; };
		422BC5A41E04999D00001677 /* ExampleUITests.swift in Sources */ = {isa = PBXBuildFile; fileRef = 422BC5A31E04999D00001677 /* ExampleUITests.swift */; };
		422BC5B41E049B0100001677 /* AsyncDisplayKit.framework in Frameworks */ = {isa = PBXBuildFile; fileRef = 422BC5741E0498FE00001677 /* AsyncDisplayKit.framework */; };
		422BC5B51E049B0100001677 /* AsyncDisplayKit.framework in Embed Frameworks */ = {isa = PBXBuildFile; fileRef = 422BC5741E0498FE00001677 /* AsyncDisplayKit.framework */; settings = {ATTRIBUTES = (CodeSignOnCopy, RemoveHeadersOnCopy, ); }; };
		422BC5B61E049B0100001677 /* PINCache.framework in Frameworks */ = {isa = PBXBuildFile; fileRef = 422BC5751E0498FE00001677 /* PINCache.framework */; };
		422BC5B71E049B0100001677 /* PINCache.framework in Embed Frameworks */ = {isa = PBXBuildFile; fileRef = 422BC5751E0498FE00001677 /* PINCache.framework */; settings = {ATTRIBUTES = (CodeSignOnCopy, RemoveHeadersOnCopy, ); }; };
		422BC5B81E049B0100001677 /* PINRemoteImage.framework in Frameworks */ = {isa = PBXBuildFile; fileRef = 422BC5761E0498FE00001677 /* PINRemoteImage.framework */; };
		422BC5B91E049B0100001677 /* PINRemoteImage.framework in Embed Frameworks */ = {isa = PBXBuildFile; fileRef = 422BC5761E0498FE00001677 /* PINRemoteImage.framework */; settings = {ATTRIBUTES = (CodeSignOnCopy, RemoveHeadersOnCopy, ); }; };
		422BC5BA1E049B0100001677 /* SearchAndSelect.framework in Frameworks */ = {isa = PBXBuildFile; fileRef = 52D6D97C1BEFF229002C0205 /* SearchAndSelect.framework */; };
		422BC5BB1E049B0100001677 /* SearchAndSelect.framework in Embed Frameworks */ = {isa = PBXBuildFile; fileRef = 52D6D97C1BEFF229002C0205 /* SearchAndSelect.framework */; settings = {ATTRIBUTES = (CodeSignOnCopy, RemoveHeadersOnCopy, ); }; };
		4285F5811E07BD0A00286D7D /* Assets.xcassets in Resources */ = {isa = PBXBuildFile; fileRef = 422BC58A1E04999D00001677 /* Assets.xcassets */; };
		4285F5831E07C3FC00286D7D /* IconTextNode.swift in Sources */ = {isa = PBXBuildFile; fileRef = 4285F5821E07C3FC00286D7D /* IconTextNode.swift */; };
		4285F5851E07D44400286D7D /* TextViewController.swift in Sources */ = {isa = PBXBuildFile; fileRef = 4285F5841E07D44400286D7D /* TextViewController.swift */; };
		4285F5871E07F61300286D7D /* Styles.swift in Sources */ = {isa = PBXBuildFile; fileRef = 4285F5861E07F61300286D7D /* Styles.swift */; };
		52D6D9871BEFF229002C0205 /* SearchAndSelect.framework in Frameworks */ = {isa = PBXBuildFile; fileRef = 52D6D97C1BEFF229002C0205 /* SearchAndSelect.framework */; };
		52D6D9981BEFF375002C0205 /* SearchAndSelect.swift in Sources */ = {isa = PBXBuildFile; fileRef = 52D6D9961BEFF375002C0205 /* SearchAndSelect.swift */; };
		52D6D99B1BEFF375002C0205 /* SearchAndSelectTests.swift in Sources */ = {isa = PBXBuildFile; fileRef = 52D6D9971BEFF375002C0205 /* SearchAndSelectTests.swift */; };
/* End PBXBuildFile section */

/* Begin PBXContainerItemProxy section */
		422BC5951E04999D00001677 /* PBXContainerItemProxy */ = {
			isa = PBXContainerItemProxy;
			containerPortal = 52D6D9731BEFF229002C0205 /* Project object */;
			proxyType = 1;
			remoteGlobalIDString = 422BC5801E04999C00001677;
			remoteInfo = Example;
		};
		422BC5A01E04999D00001677 /* PBXContainerItemProxy */ = {
			isa = PBXContainerItemProxy;
			containerPortal = 52D6D9731BEFF229002C0205 /* Project object */;
			proxyType = 1;
			remoteGlobalIDString = 422BC5801E04999C00001677;
			remoteInfo = Example;
		};
		422BC5BC1E049B0100001677 /* PBXContainerItemProxy */ = {
			isa = PBXContainerItemProxy;
			containerPortal = 52D6D9731BEFF229002C0205 /* Project object */;
			proxyType = 1;
			remoteGlobalIDString = 52D6D97B1BEFF229002C0205;
			remoteInfo = "SearchAndSelect-iOS";
		};
		52D6D9881BEFF229002C0205 /* PBXContainerItemProxy */ = {
			isa = PBXContainerItemProxy;
			containerPortal = 52D6D9731BEFF229002C0205 /* Project object */;
			proxyType = 1;
			remoteGlobalIDString = 52D6D97B1BEFF229002C0205;
			remoteInfo = SearchAndSelect;
		};
/* End PBXContainerItemProxy section */

/* Begin PBXCopyFilesBuildPhase section */
		422BC5BE1E049B0100001677 /* Embed Frameworks */ = {
			isa = PBXCopyFilesBuildPhase;
			buildActionMask = 2147483647;
			dstPath = "";
			dstSubfolderSpec = 10;
			files = (
				422BC5B91E049B0100001677 /* PINRemoteImage.framework in Embed Frameworks */,
				422BC5B51E049B0100001677 /* AsyncDisplayKit.framework in Embed Frameworks */,
				422BC5BB1E049B0100001677 /* SearchAndSelect.framework in Embed Frameworks */,
				422BC5B71E049B0100001677 /* PINCache.framework in Embed Frameworks */,
			);
			name = "Embed Frameworks";
			runOnlyForDeploymentPostprocessing = 0;
		};
/* End PBXCopyFilesBuildPhase section */

/* Begin PBXFileReference section */
		422BC5741E0498FE00001677 /* AsyncDisplayKit.framework */ = {isa = PBXFileReference; lastKnownFileType = wrapper.framework; name = AsyncDisplayKit.framework; path = Carthage/Build/iOS/AsyncDisplayKit.framework; sourceTree = "<group>"; };
		422BC5751E0498FE00001677 /* PINCache.framework */ = {isa = PBXFileReference; lastKnownFileType = wrapper.framework; name = PINCache.framework; path = Carthage/Build/iOS/PINCache.framework; sourceTree = "<group>"; };
		422BC5761E0498FE00001677 /* PINRemoteImage.framework */ = {isa = PBXFileReference; lastKnownFileType = wrapper.framework; name = PINRemoteImage.framework; path = Carthage/Build/iOS/PINRemoteImage.framework; sourceTree = "<group>"; };
		422BC5811E04999C00001677 /* Example.app */ = {isa = PBXFileReference; explicitFileType = wrapper.application; includeInIndex = 0; path = Example.app; sourceTree = BUILT_PRODUCTS_DIR; };
		422BC5831E04999C00001677 /* AppDelegate.swift */ = {isa = PBXFileReference; lastKnownFileType = sourcecode.swift; path = AppDelegate.swift; sourceTree = "<group>"; };
		422BC5851E04999C00001677 /* ViewController.swift */ = {isa = PBXFileReference; lastKnownFileType = sourcecode.swift; path = ViewController.swift; sourceTree = "<group>"; };
		422BC5881E04999D00001677 /* Base */ = {isa = PBXFileReference; lastKnownFileType = file.storyboard; name = Base; path = Base.lproj/Main.storyboard; sourceTree = "<group>"; };
		422BC58A1E04999D00001677 /* Assets.xcassets */ = {isa = PBXFileReference; lastKnownFileType = folder.assetcatalog; path = Assets.xcassets; sourceTree = "<group>"; };
		422BC58D1E04999D00001677 /* Base */ = {isa = PBXFileReference; lastKnownFileType = file.storyboard; name = Base; path = Base.lproj/LaunchScreen.storyboard; sourceTree = "<group>"; };
		422BC58F1E04999D00001677 /* Info.plist */ = {isa = PBXFileReference; lastKnownFileType = text.plist.xml; path = Info.plist; sourceTree = "<group>"; };
		422BC5941E04999D00001677 /* ExampleTests.xctest */ = {isa = PBXFileReference; explicitFileType = wrapper.cfbundle; includeInIndex = 0; path = ExampleTests.xctest; sourceTree = BUILT_PRODUCTS_DIR; };
		422BC5981E04999D00001677 /* ExampleTests.swift */ = {isa = PBXFileReference; lastKnownFileType = sourcecode.swift; path = ExampleTests.swift; sourceTree = "<group>"; };
		422BC59A1E04999D00001677 /* Info.plist */ = {isa = PBXFileReference; lastKnownFileType = text.plist.xml; path = Info.plist; sourceTree = "<group>"; };
		422BC59F1E04999D00001677 /* ExampleUITests.xctest */ = {isa = PBXFileReference; explicitFileType = wrapper.cfbundle; includeInIndex = 0; path = ExampleUITests.xctest; sourceTree = BUILT_PRODUCTS_DIR; };
		422BC5A31E04999D00001677 /* ExampleUITests.swift */ = {isa = PBXFileReference; lastKnownFileType = sourcecode.swift; path = ExampleUITests.swift; sourceTree = "<group>"; };
		422BC5A51E04999D00001677 /* Info.plist */ = {isa = PBXFileReference; lastKnownFileType = text.plist.xml; path = Info.plist; sourceTree = "<group>"; };
		4285F5821E07C3FC00286D7D /* IconTextNode.swift */ = {isa = PBXFileReference; fileEncoding = 4; lastKnownFileType = sourcecode.swift; path = IconTextNode.swift; sourceTree = "<group>"; };
		4285F5841E07D44400286D7D /* TextViewController.swift */ = {isa = PBXFileReference; fileEncoding = 4; lastKnownFileType = sourcecode.swift; path = TextViewController.swift; sourceTree = "<group>"; };
		4285F5861E07F61300286D7D /* Styles.swift */ = {isa = PBXFileReference; fileEncoding = 4; lastKnownFileType = sourcecode.swift; path = Styles.swift; sourceTree = "<group>"; };
		52D6D97C1BEFF229002C0205 /* SearchAndSelect.framework */ = {isa = PBXFileReference; explicitFileType = wrapper.framework; includeInIndex = 0; path = SearchAndSelect.framework; sourceTree = BUILT_PRODUCTS_DIR; };
		52D6D9861BEFF229002C0205 /* SearchAndSelect-iOS Tests.xctest */ = {isa = PBXFileReference; explicitFileType = wrapper.cfbundle; includeInIndex = 0; path = "SearchAndSelect-iOS Tests.xctest"; sourceTree = BUILT_PRODUCTS_DIR; };
		52D6D9961BEFF375002C0205 /* SearchAndSelect.swift */ = {isa = PBXFileReference; fileEncoding = 4; lastKnownFileType = sourcecode.swift; name = SearchAndSelect.swift; path = Sources/SearchAndSelect.swift; sourceTree = "<group>"; };
		52D6D9971BEFF375002C0205 /* SearchAndSelectTests.swift */ = {isa = PBXFileReference; fileEncoding = 4; lastKnownFileType = sourcecode.swift; name = SearchAndSelectTests.swift; path = Tests/SearchAndSelectTests/SearchAndSelectTests.swift; sourceTree = "<group>"; };
		AD2FAA261CD0B6D800659CF4 /* SearchAndSelect.plist */ = {isa = PBXFileReference; fileEncoding = 4; lastKnownFileType = text.plist.xml; path = SearchAndSelect.plist; sourceTree = "<group>"; };
		AD2FAA281CD0B6E100659CF4 /* SearchAndSelectTests.plist */ = {isa = PBXFileReference; fileEncoding = 4; lastKnownFileType = text.plist.xml; path = SearchAndSelectTests.plist; sourceTree = "<group>"; };
/* End PBXFileReference section */

/* Begin PBXFrameworksBuildPhase section */
		422BC57E1E04999C00001677 /* Frameworks */ = {
			isa = PBXFrameworksBuildPhase;
			buildActionMask = 2147483647;
			files = (
				422BC5B81E049B0100001677 /* PINRemoteImage.framework in Frameworks */,
				422BC5B41E049B0100001677 /* AsyncDisplayKit.framework in Frameworks */,
				422BC5BA1E049B0100001677 /* SearchAndSelect.framework in Frameworks */,
				422BC5B61E049B0100001677 /* PINCache.framework in Frameworks */,
			);
			runOnlyForDeploymentPostprocessing = 0;
		};
		422BC5911E04999D00001677 /* Frameworks */ = {
			isa = PBXFrameworksBuildPhase;
			buildActionMask = 2147483647;
			files = (
			);
			runOnlyForDeploymentPostprocessing = 0;
		};
		422BC59C1E04999D00001677 /* Frameworks */ = {
			isa = PBXFrameworksBuildPhase;
			buildActionMask = 2147483647;
			files = (
			);
			runOnlyForDeploymentPostprocessing = 0;
		};
		52D6D9781BEFF229002C0205 /* Frameworks */ = {
			isa = PBXFrameworksBuildPhase;
			buildActionMask = 2147483647;
			files = (
				422BC5791E0498FE00001677 /* PINRemoteImage.framework in Frameworks */,
				422BC5771E0498FE00001677 /* AsyncDisplayKit.framework in Frameworks */,
				422BC5781E0498FE00001677 /* PINCache.framework in Frameworks */,
			);
			runOnlyForDeploymentPostprocessing = 0;
		};
		52D6D9831BEFF229002C0205 /* Frameworks */ = {
			isa = PBXFrameworksBuildPhase;
			buildActionMask = 2147483647;
			files = (
				52D6D9871BEFF229002C0205 /* SearchAndSelect.framework in Frameworks */,
			);
			runOnlyForDeploymentPostprocessing = 0;
		};
/* End PBXFrameworksBuildPhase section */

/* Begin PBXGroup section */
		422BC57B1E04994800001677 /* Tests */ = {
			isa = PBXGroup;
			children = (
				52D6D9971BEFF375002C0205 /* SearchAndSelectTests.swift */,
			);
			name = Tests;
			sourceTree = "<group>";
		};
		422BC57C1E04997400001677 /* Sources */ = {
			isa = PBXGroup;
			children = (
				52D6D9961BEFF375002C0205 /* SearchAndSelect.swift */,
				4285F5861E07F61300286D7D /* Styles.swift */,
				4285F5821E07C3FC00286D7D /* IconTextNode.swift */,
			);
			name = Sources;
			sourceTree = "<group>";
		};
		422BC5821E04999C00001677 /* Example */ = {
			isa = PBXGroup;
			children = (
				422BC5831E04999C00001677 /* AppDelegate.swift */,
				422BC5851E04999C00001677 /* ViewController.swift */,
				4285F5841E07D44400286D7D /* TextViewController.swift */,
				422BC5871E04999D00001677 /* Main.storyboard */,
				422BC58A1E04999D00001677 /* Assets.xcassets */,
				422BC58C1E04999D00001677 /* LaunchScreen.storyboard */,
				422BC58F1E04999D00001677 /* Info.plist */,
			);
			path = Example;
			sourceTree = "<group>";
		};
		422BC5971E04999D00001677 /* ExampleTests */ = {
			isa = PBXGroup;
			children = (
				422BC5981E04999D00001677 /* ExampleTests.swift */,
				422BC59A1E04999D00001677 /* Info.plist */,
			);
			path = ExampleTests;
			sourceTree = "<group>";
		};
		422BC5A21E04999D00001677 /* ExampleUITests */ = {
			isa = PBXGroup;
			children = (
				422BC5A31E04999D00001677 /* ExampleUITests.swift */,
				422BC5A51E04999D00001677 /* Info.plist */,
			);
			path = ExampleUITests;
			sourceTree = "<group>";
		};
		52D6D9721BEFF229002C0205 = {
			isa = PBXGroup;
			children = (
				422BC5741E0498FE00001677 /* AsyncDisplayKit.framework */,
				422BC5751E0498FE00001677 /* PINCache.framework */,
				422BC5761E0498FE00001677 /* PINRemoteImage.framework */,
				422BC57C1E04997400001677 /* Sources */,
				422BC57B1E04994800001677 /* Tests */,
				52D6D99C1BEFF38C002C0205 /* Configs */,
				422BC5821E04999C00001677 /* Example */,
				422BC5971E04999D00001677 /* ExampleTests */,
				422BC5A21E04999D00001677 /* ExampleUITests */,
				52D6D97D1BEFF229002C0205 /* Products */,
			);
			sourceTree = "<group>";
		};
		52D6D97D1BEFF229002C0205 /* Products */ = {
			isa = PBXGroup;
			children = (
				52D6D97C1BEFF229002C0205 /* SearchAndSelect.framework */,
				52D6D9861BEFF229002C0205 /* SearchAndSelect-iOS Tests.xctest */,
				422BC5811E04999C00001677 /* Example.app */,
				422BC5941E04999D00001677 /* ExampleTests.xctest */,
				422BC59F1E04999D00001677 /* ExampleUITests.xctest */,
			);
			name = Products;
			sourceTree = "<group>";
		};
		52D6D99C1BEFF38C002C0205 /* Configs */ = {
			isa = PBXGroup;
			children = (
				DD7502721C68FC1B006590AF /* Frameworks */,
				DD7502731C68FC20006590AF /* Tests */,
			);
			path = Configs;
			sourceTree = "<group>";
		};
		DD7502721C68FC1B006590AF /* Frameworks */ = {
			isa = PBXGroup;
			children = (
				AD2FAA261CD0B6D800659CF4 /* SearchAndSelect.plist */,
			);
			name = Frameworks;
			sourceTree = "<group>";
		};
		DD7502731C68FC20006590AF /* Tests */ = {
			isa = PBXGroup;
			children = (
				AD2FAA281CD0B6E100659CF4 /* SearchAndSelectTests.plist */,
			);
			name = Tests;
			sourceTree = "<group>";
		};
/* End PBXGroup section */

/* Begin PBXHeadersBuildPhase section */
		52D6D9791BEFF229002C0205 /* Headers */ = {
			isa = PBXHeadersBuildPhase;
			buildActionMask = 2147483647;
			files = (
			);
			runOnlyForDeploymentPostprocessing = 0;
		};
/* End PBXHeadersBuildPhase section */

/* Begin PBXNativeTarget section */
		422BC5801E04999C00001677 /* Example */ = {
			isa = PBXNativeTarget;
			buildConfigurationList = 422BC5A61E04999D00001677 /* Build configuration list for PBXNativeTarget "Example" */;
			buildPhases = (
				422BC57D1E04999C00001677 /* Sources */,
				422BC57E1E04999C00001677 /* Frameworks */,
				422BC57F1E04999C00001677 /* Resources */,
				422BC5BE1E049B0100001677 /* Embed Frameworks */,
			);
			buildRules = (
			);
			dependencies = (
				422BC5BD1E049B0100001677 /* PBXTargetDependency */,
			);
			name = Example;
			productName = Example;
			productReference = 422BC5811E04999C00001677 /* Example.app */;
			productType = "com.apple.product-type.application";
		};
		422BC5931E04999D00001677 /* ExampleTests */ = {
			isa = PBXNativeTarget;
			buildConfigurationList = 422BC5A91E04999D00001677 /* Build configuration list for PBXNativeTarget "ExampleTests" */;
			buildPhases = (
				422BC5901E04999D00001677 /* Sources */,
				422BC5911E04999D00001677 /* Frameworks */,
				422BC5921E04999D00001677 /* Resources */,
			);
			buildRules = (
			);
			dependencies = (
				422BC5961E04999D00001677 /* PBXTargetDependency */,
			);
			name = ExampleTests;
			productName = ExampleTests;
			productReference = 422BC5941E04999D00001677 /* ExampleTests.xctest */;
			productType = "com.apple.product-type.bundle.unit-test";
		};
		422BC59E1E04999D00001677 /* ExampleUITests */ = {
			isa = PBXNativeTarget;
			buildConfigurationList = 422BC5AC1E04999D00001677 /* Build configuration list for PBXNativeTarget "ExampleUITests" */;
			buildPhases = (
				422BC59B1E04999D00001677 /* Sources */,
				422BC59C1E04999D00001677 /* Frameworks */,
				422BC59D1E04999D00001677 /* Resources */,
			);
			buildRules = (
			);
			dependencies = (
				422BC5A11E04999D00001677 /* PBXTargetDependency */,
			);
			name = ExampleUITests;
			productName = ExampleUITests;
			productReference = 422BC59F1E04999D00001677 /* ExampleUITests.xctest */;
			productType = "com.apple.product-type.bundle.ui-testing";
		};
		52D6D97B1BEFF229002C0205 /* SearchAndSelect-iOS */ = {
			isa = PBXNativeTarget;
			buildConfigurationList = 52D6D9901BEFF229002C0205 /* Build configuration list for PBXNativeTarget "SearchAndSelect-iOS" */;
			buildPhases = (
				52D6D9771BEFF229002C0205 /* Sources */,
				52D6D9781BEFF229002C0205 /* Frameworks */,
				52D6D9791BEFF229002C0205 /* Headers */,
				52D6D97A1BEFF229002C0205 /* Resources */,
			);
			buildRules = (
			);
			dependencies = (
			);
			name = "SearchAndSelect-iOS";
			productName = SearchAndSelect;
			productReference = 52D6D97C1BEFF229002C0205 /* SearchAndSelect.framework */;
			productType = "com.apple.product-type.framework";
		};
		52D6D9851BEFF229002C0205 /* SearchAndSelect-iOS Tests */ = {
			isa = PBXNativeTarget;
			buildConfigurationList = 52D6D9931BEFF229002C0205 /* Build configuration list for PBXNativeTarget "SearchAndSelect-iOS Tests" */;
			buildPhases = (
				52D6D9821BEFF229002C0205 /* Sources */,
				52D6D9831BEFF229002C0205 /* Frameworks */,
				52D6D9841BEFF229002C0205 /* Resources */,
			);
			buildRules = (
			);
			dependencies = (
				52D6D9891BEFF229002C0205 /* PBXTargetDependency */,
			);
			name = "SearchAndSelect-iOS Tests";
			productName = SearchAndSelectTests;
			productReference = 52D6D9861BEFF229002C0205 /* SearchAndSelect-iOS Tests.xctest */;
			productType = "com.apple.product-type.bundle.unit-test";
		};
/* End PBXNativeTarget section */

/* Begin PBXProject section */
		52D6D9731BEFF229002C0205 /* Project object */ = {
			isa = PBXProject;
			attributes = {
				LastSwiftUpdateCheck = 0820;
				LastUpgradeCheck = 0810;
				ORGANIZATIONNAME = Kayako;
				TargetAttributes = {
					422BC5801E04999C00001677 = {
						CreatedOnToolsVersion = 8.2;
						ProvisioningStyle = Automatic;
					};
					422BC5931E04999D00001677 = {
						CreatedOnToolsVersion = 8.2;
						ProvisioningStyle = Automatic;
						TestTargetID = 422BC5801E04999C00001677;
					};
					422BC59E1E04999D00001677 = {
						CreatedOnToolsVersion = 8.2;
						ProvisioningStyle = Automatic;
						TestTargetID = 422BC5801E04999C00001677;
					};
					52D6D97B1BEFF229002C0205 = {
						CreatedOnToolsVersion = 7.1;
						LastSwiftMigration = 0800;
					};
					52D6D9851BEFF229002C0205 = {
						CreatedOnToolsVersion = 7.1;
						LastSwiftMigration = 0800;
					};
				};
			};
			buildConfigurationList = 52D6D9761BEFF229002C0205 /* Build configuration list for PBXProject "SearchAndSelect" */;
			compatibilityVersion = "Xcode 6.3";
			developmentRegion = English;
			hasScannedForEncodings = 0;
			knownRegions = (
				en,
				Base,
			);
			mainGroup = 52D6D9721BEFF229002C0205;
			productRefGroup = 52D6D97D1BEFF229002C0205 /* Products */;
			projectDirPath = "";
			projectRoot = "";
			targets = (
				52D6D97B1BEFF229002C0205 /* SearchAndSelect-iOS */,
				52D6D9851BEFF229002C0205 /* SearchAndSelect-iOS Tests */,
				422BC5801E04999C00001677 /* Example */,
				422BC5931E04999D00001677 /* ExampleTests */,
				422BC59E1E04999D00001677 /* ExampleUITests */,
			);
		};
/* End PBXProject section */

/* Begin PBXResourcesBuildPhase section */
		422BC57F1E04999C00001677 /* Resources */ = {
			isa = PBXResourcesBuildPhase;
			buildActionMask = 2147483647;
			files = (
				422BC58E1E04999D00001677 /* LaunchScreen.storyboard in Resources */,
				422BC5891E04999D00001677 /* Main.storyboard in Resources */,
			);
			runOnlyForDeploymentPostprocessing = 0;
		};
		422BC5921E04999D00001677 /* Resources */ = {
			isa = PBXResourcesBuildPhase;
			buildActionMask = 2147483647;
			files = (
			);
			runOnlyForDeploymentPostprocessing = 0;
		};
		422BC59D1E04999D00001677 /* Resources */ = {
			isa = PBXResourcesBuildPhase;
			buildActionMask = 2147483647;
			files = (
			);
			runOnlyForDeploymentPostprocessing = 0;
		};
		52D6D97A1BEFF229002C0205 /* Resources */ = {
			isa = PBXResourcesBuildPhase;
			buildActionMask = 2147483647;
			files = (
				4285F5811E07BD0A00286D7D /* Assets.xcassets in Resources */,
			);
			runOnlyForDeploymentPostprocessing = 0;
		};
		52D6D9841BEFF229002C0205 /* Resources */ = {
			isa = PBXResourcesBuildPhase;
			buildActionMask = 2147483647;
			files = (
			);
			runOnlyForDeploymentPostprocessing = 0;
		};
/* End PBXResourcesBuildPhase section */

/* Begin PBXSourcesBuildPhase section */
		422BC57D1E04999C00001677 /* Sources */ = {
			isa = PBXSourcesBuildPhase;
			buildActionMask = 2147483647;
			files = (
				422BC5861E04999C00001677 /* ViewController.swift in Sources */,
				422BC5841E04999C00001677 /* AppDelegate.swift in Sources */,
				4285F5851E07D44400286D7D /* TextViewController.swift in Sources */,
			);
			runOnlyForDeploymentPostprocessing = 0;
		};
		422BC5901E04999D00001677 /* Sources */ = {
			isa = PBXSourcesBuildPhase;
			buildActionMask = 2147483647;
			files = (
				422BC5991E04999D00001677 /* ExampleTests.swift in Sources */,
			);
			runOnlyForDeploymentPostprocessing = 0;
		};
		422BC59B1E04999D00001677 /* Sources */ = {
			isa = PBXSourcesBuildPhase;
			buildActionMask = 2147483647;
			files = (
				422BC5A41E04999D00001677 /* ExampleUITests.swift in Sources */,
			);
			runOnlyForDeploymentPostprocessing = 0;
		};
		52D6D9771BEFF229002C0205 /* Sources */ = {
			isa = PBXSourcesBuildPhase;
			buildActionMask = 2147483647;
			files = (
				52D6D9981BEFF375002C0205 /* SearchAndSelect.swift in Sources */,
				4285F5871E07F61300286D7D /* Styles.swift in Sources */,
				4285F5831E07C3FC00286D7D /* IconTextNode.swift in Sources */,
			);
			runOnlyForDeploymentPostprocessing = 0;
		};
		52D6D9821BEFF229002C0205 /* Sources */ = {
			isa = PBXSourcesBuildPhase;
			buildActionMask = 2147483647;
			files = (
				52D6D99B1BEFF375002C0205 /* SearchAndSelectTests.swift in Sources */,
			);
			runOnlyForDeploymentPostprocessing = 0;
		};
/* End PBXSourcesBuildPhase section */

/* Begin PBXTargetDependency section */
		422BC5961E04999D00001677 /* PBXTargetDependency */ = {
			isa = PBXTargetDependency;
			target = 422BC5801E04999C00001677 /* Example */;
			targetProxy = 422BC5951E04999D00001677 /* PBXContainerItemProxy */;
		};
		422BC5A11E04999D00001677 /* PBXTargetDependency */ = {
			isa = PBXTargetDependency;
			target = 422BC5801E04999C00001677 /* Example */;
			targetProxy = 422BC5A01E04999D00001677 /* PBXContainerItemProxy */;
		};
		422BC5BD1E049B0100001677 /* PBXTargetDependency */ = {
			isa = PBXTargetDependency;
			target = 52D6D97B1BEFF229002C0205 /* SearchAndSelect-iOS */;
			targetProxy = 422BC5BC1E049B0100001677 /* PBXContainerItemProxy */;
		};
		52D6D9891BEFF229002C0205 /* PBXTargetDependency */ = {
			isa = PBXTargetDependency;
			target = 52D6D97B1BEFF229002C0205 /* SearchAndSelect-iOS */;
			targetProxy = 52D6D9881BEFF229002C0205 /* PBXContainerItemProxy */;
		};
/* End PBXTargetDependency section */

/* Begin PBXVariantGroup section */
		422BC5871E04999D00001677 /* Main.storyboard */ = {
			isa = PBXVariantGroup;
			children = (
				422BC5881E04999D00001677 /* Base */,
			);
			name = Main.storyboard;
			sourceTree = "<group>";
		};
		422BC58C1E04999D00001677 /* LaunchScreen.storyboard */ = {
			isa = PBXVariantGroup;
			children = (
				422BC58D1E04999D00001677 /* Base */,
			);
			name = LaunchScreen.storyboard;
			sourceTree = "<group>";
		};
/* End PBXVariantGroup section */

/* Begin XCBuildConfiguration section */
		422BC5A71E04999D00001677 /* Debug */ = {
			isa = XCBuildConfiguration;
			buildSettings = {
				ALWAYS_EMBED_SWIFT_STANDARD_LIBRARIES = YES;
				ASSETCATALOG_COMPILER_APPICON_NAME = AppIcon;
				CLANG_ANALYZER_NONNULL = YES;
				CLANG_WARN_DOCUMENTATION_COMMENTS = YES;
				FRAMEWORK_SEARCH_PATHS = (
					"$(inherited)",
					"$(PROJECT_DIR)/Carthage/Build/iOS",
				);
				INFOPLIST_FILE = Example/Info.plist;
				IPHONEOS_DEPLOYMENT_TARGET = 10.2;
				LD_RUNPATH_SEARCH_PATHS = "$(inherited) @executable_path/Frameworks";
				PRODUCT_BUNDLE_IDENTIFIER = com.kayako.Example;
				PRODUCT_NAME = "$(TARGET_NAME)";
				SWIFT_ACTIVE_COMPILATION_CONDITIONS = DEBUG;
				SWIFT_VERSION = 3.0;
			};
			name = Debug;
		};
		422BC5A81E04999D00001677 /* Release */ = {
			isa = XCBuildConfiguration;
			buildSettings = {
				ALWAYS_EMBED_SWIFT_STANDARD_LIBRARIES = YES;
				ASSETCATALOG_COMPILER_APPICON_NAME = AppIcon;
				CLANG_ANALYZER_NONNULL = YES;
				CLANG_WARN_DOCUMENTATION_COMMENTS = YES;
				FRAMEWORK_SEARCH_PATHS = (
					"$(inherited)",
					"$(PROJECT_DIR)/Carthage/Build/iOS",
				);
				INFOPLIST_FILE = Example/Info.plist;
				IPHONEOS_DEPLOYMENT_TARGET = 10.2;
				LD_RUNPATH_SEARCH_PATHS = "$(inherited) @executable_path/Frameworks";
				PRODUCT_BUNDLE_IDENTIFIER = com.kayako.Example;
				PRODUCT_NAME = "$(TARGET_NAME)";
				SWIFT_OPTIMIZATION_LEVEL = "-Owholemodule";
				SWIFT_VERSION = 3.0;
			};
			name = Release;
		};
		422BC5AA1E04999D00001677 /* Debug */ = {
			isa = XCBuildConfiguration;
			buildSettings = {
				ALWAYS_EMBED_SWIFT_STANDARD_LIBRARIES = YES;
				BUNDLE_LOADER = "$(TEST_HOST)";
				CLANG_ANALYZER_NONNULL = YES;
				CLANG_WARN_DOCUMENTATION_COMMENTS = YES;
				INFOPLIST_FILE = ExampleTests/Info.plist;
				IPHONEOS_DEPLOYMENT_TARGET = 10.2;
				LD_RUNPATH_SEARCH_PATHS = "$(inherited) @executable_path/Frameworks @loader_path/Frameworks";
				PRODUCT_BUNDLE_IDENTIFIER = com.kayako.ExampleTests;
				PRODUCT_NAME = "$(TARGET_NAME)";
				SWIFT_ACTIVE_COMPILATION_CONDITIONS = DEBUG;
				SWIFT_VERSION = 3.0;
				TEST_HOST = "$(BUILT_PRODUCTS_DIR)/Example.app/Example";
			};
			name = Debug;
		};
		422BC5AB1E04999D00001677 /* Release */ = {
			isa = XCBuildConfiguration;
			buildSettings = {
				ALWAYS_EMBED_SWIFT_STANDARD_LIBRARIES = YES;
				BUNDLE_LOADER = "$(TEST_HOST)";
				CLANG_ANALYZER_NONNULL = YES;
				CLANG_WARN_DOCUMENTATION_COMMENTS = YES;
				INFOPLIST_FILE = ExampleTests/Info.plist;
				IPHONEOS_DEPLOYMENT_TARGET = 10.2;
				LD_RUNPATH_SEARCH_PATHS = "$(inherited) @executable_path/Frameworks @loader_path/Frameworks";
				PRODUCT_BUNDLE_IDENTIFIER = com.kayako.ExampleTests;
				PRODUCT_NAME = "$(TARGET_NAME)";
				SWIFT_OPTIMIZATION_LEVEL = "-Owholemodule";
				SWIFT_VERSION = 3.0;
				TEST_HOST = "$(BUILT_PRODUCTS_DIR)/Example.app/Example";
			};
			name = Release;
		};
		422BC5AD1E04999D00001677 /* Debug */ = {
			isa = XCBuildConfiguration;
			buildSettings = {
				ALWAYS_EMBED_SWIFT_STANDARD_LIBRARIES = YES;
				CLANG_ANALYZER_NONNULL = YES;
				CLANG_WARN_DOCUMENTATION_COMMENTS = YES;
				INFOPLIST_FILE = ExampleUITests/Info.plist;
				IPHONEOS_DEPLOYMENT_TARGET = 10.2;
				LD_RUNPATH_SEARCH_PATHS = "$(inherited) @executable_path/Frameworks @loader_path/Frameworks";
				PRODUCT_BUNDLE_IDENTIFIER = com.kayako.ExampleUITests;
				PRODUCT_NAME = "$(TARGET_NAME)";
				SWIFT_ACTIVE_COMPILATION_CONDITIONS = DEBUG;
				SWIFT_VERSION = 3.0;
				TEST_TARGET_NAME = Example;
			};
			name = Debug;
		};
		422BC5AE1E04999D00001677 /* Release */ = {
			isa = XCBuildConfiguration;
			buildSettings = {
				ALWAYS_EMBED_SWIFT_STANDARD_LIBRARIES = YES;
				CLANG_ANALYZER_NONNULL = YES;
				CLANG_WARN_DOCUMENTATION_COMMENTS = YES;
				INFOPLIST_FILE = ExampleUITests/Info.plist;
				IPHONEOS_DEPLOYMENT_TARGET = 10.2;
				LD_RUNPATH_SEARCH_PATHS = "$(inherited) @executable_path/Frameworks @loader_path/Frameworks";
				PRODUCT_BUNDLE_IDENTIFIER = com.kayako.ExampleUITests;
				PRODUCT_NAME = "$(TARGET_NAME)";
				SWIFT_OPTIMIZATION_LEVEL = "-Owholemodule";
				SWIFT_VERSION = 3.0;
				TEST_TARGET_NAME = Example;
			};
			name = Release;
		};
		52D6D98E1BEFF229002C0205 /* Debug */ = {
			isa = XCBuildConfiguration;
			buildSettings = {
				ALWAYS_SEARCH_USER_PATHS = NO;
				CLANG_CXX_LANGUAGE_STANDARD = "gnu++0x";
				CLANG_CXX_LIBRARY = "libc++";
				CLANG_ENABLE_MODULES = YES;
				CLANG_ENABLE_OBJC_ARC = YES;
				CLANG_WARN_BOOL_CONVERSION = YES;
				CLANG_WARN_CONSTANT_CONVERSION = YES;
				CLANG_WARN_DIRECT_OBJC_ISA_USAGE = YES_ERROR;
				CLANG_WARN_EMPTY_BODY = YES;
				CLANG_WARN_ENUM_CONVERSION = YES;
				CLANG_WARN_INFINITE_RECURSION = YES;
				CLANG_WARN_INT_CONVERSION = YES;
				CLANG_WARN_OBJC_ROOT_CLASS = YES_ERROR;
				CLANG_WARN_SUSPICIOUS_MOVE = YES;
				CLANG_WARN_UNREACHABLE_CODE = YES;
				CLANG_WARN__DUPLICATE_METHOD_MATCH = YES;
				"CODE_SIGN_IDENTITY[sdk=iphoneos*]" = "iPhone Developer";
				COPY_PHASE_STRIP = NO;
				CURRENT_PROJECT_VERSION = 1;
				DEBUG_INFORMATION_FORMAT = dwarf;
				ENABLE_STRICT_OBJC_MSGSEND = YES;
				ENABLE_TESTABILITY = YES;
				GCC_C_LANGUAGE_STANDARD = gnu99;
				GCC_DYNAMIC_NO_PIC = NO;
				GCC_NO_COMMON_BLOCKS = YES;
				GCC_OPTIMIZATION_LEVEL = 0;
				GCC_PREPROCESSOR_DEFINITIONS = (
					"DEBUG=1",
					"$(inherited)",
				);
				GCC_WARN_64_TO_32_BIT_CONVERSION = YES;
				GCC_WARN_ABOUT_RETURN_TYPE = YES_ERROR;
				GCC_WARN_UNDECLARED_SELECTOR = YES;
				GCC_WARN_UNINITIALIZED_AUTOS = YES_AGGRESSIVE;
				GCC_WARN_UNUSED_FUNCTION = YES;
				GCC_WARN_UNUSED_VARIABLE = YES;
				IPHONEOS_DEPLOYMENT_TARGET = 8.0;
				MTL_ENABLE_DEBUG_INFO = YES;
				ONLY_ACTIVE_ARCH = YES;
				SDKROOT = iphoneos;
				SWIFT_OPTIMIZATION_LEVEL = "-Onone";
				SWIFT_VERSION = 3.0;
				TARGETED_DEVICE_FAMILY = "1,2";
				VERSIONING_SYSTEM = "apple-generic";
				VERSION_INFO_PREFIX = "";
			};
			name = Debug;
		};
		52D6D98F1BEFF229002C0205 /* Release */ = {
			isa = XCBuildConfiguration;
			buildSettings = {
				ALWAYS_SEARCH_USER_PATHS = NO;
				CLANG_CXX_LANGUAGE_STANDARD = "gnu++0x";
				CLANG_CXX_LIBRARY = "libc++";
				CLANG_ENABLE_MODULES = YES;
				CLANG_ENABLE_OBJC_ARC = YES;
				CLANG_WARN_BOOL_CONVERSION = YES;
				CLANG_WARN_CONSTANT_CONVERSION = YES;
				CLANG_WARN_DIRECT_OBJC_ISA_USAGE = YES_ERROR;
				CLANG_WARN_EMPTY_BODY = YES;
				CLANG_WARN_ENUM_CONVERSION = YES;
				CLANG_WARN_INFINITE_RECURSION = YES;
				CLANG_WARN_INT_CONVERSION = YES;
				CLANG_WARN_OBJC_ROOT_CLASS = YES_ERROR;
				CLANG_WARN_SUSPICIOUS_MOVE = YES;
				CLANG_WARN_UNREACHABLE_CODE = YES;
				CLANG_WARN__DUPLICATE_METHOD_MATCH = YES;
				"CODE_SIGN_IDENTITY[sdk=iphoneos*]" = "iPhone Developer";
				COPY_PHASE_STRIP = NO;
				CURRENT_PROJECT_VERSION = 1;
				DEBUG_INFORMATION_FORMAT = "dwarf-with-dsym";
				ENABLE_NS_ASSERTIONS = NO;
				ENABLE_STRICT_OBJC_MSGSEND = YES;
				GCC_C_LANGUAGE_STANDARD = gnu99;
				GCC_NO_COMMON_BLOCKS = YES;
				GCC_WARN_64_TO_32_BIT_CONVERSION = YES;
				GCC_WARN_ABOUT_RETURN_TYPE = YES_ERROR;
				GCC_WARN_UNDECLARED_SELECTOR = YES;
				GCC_WARN_UNINITIALIZED_AUTOS = YES_AGGRESSIVE;
				GCC_WARN_UNUSED_FUNCTION = YES;
				GCC_WARN_UNUSED_VARIABLE = YES;
				IPHONEOS_DEPLOYMENT_TARGET = 8.0;
				MTL_ENABLE_DEBUG_INFO = NO;
				SDKROOT = iphoneos;
				SWIFT_VERSION = 3.0;
				TARGETED_DEVICE_FAMILY = "1,2";
				VALIDATE_PRODUCT = YES;
				VERSIONING_SYSTEM = "apple-generic";
				VERSION_INFO_PREFIX = "";
			};
			name = Release;
		};
		52D6D9911BEFF229002C0205 /* Debug */ = {
			isa = XCBuildConfiguration;
			buildSettings = {
				APPLICATION_EXTENSION_API_ONLY = YES;
				CLANG_ENABLE_MODULES = YES;
				"CODE_SIGN_IDENTITY[sdk=iphoneos*]" = "";
				DEFINES_MODULE = YES;
				DYLIB_COMPATIBILITY_VERSION = 1;
				DYLIB_CURRENT_VERSION = 1;
				DYLIB_INSTALL_NAME_BASE = "@rpath";
				FRAMEWORK_SEARCH_PATHS = (
					"$(inherited)",
					"$(PROJECT_DIR)/Carthage/Build/iOS",
				);
				INFOPLIST_FILE = Configs/SearchAndSelect.plist;
				INSTALL_PATH = "$(LOCAL_LIBRARY_DIR)/Frameworks";
				IPHONEOS_DEPLOYMENT_TARGET = 9.0;
				LD_RUNPATH_SEARCH_PATHS = "$(inherited) @executable_path/Frameworks @loader_path/Frameworks";
				ONLY_ACTIVE_ARCH = NO;
				PRODUCT_BUNDLE_IDENTIFIER = "com.SearchAndSelect.SearchAndSelect-iOS";
				PRODUCT_NAME = SearchAndSelect;
				SKIP_INSTALL = YES;
				SWIFT_OPTIMIZATION_LEVEL = "-Onone";
				SWIFT_VERSION = 3.0;
			};
			name = Debug;
		};
		52D6D9921BEFF229002C0205 /* Release */ = {
			isa = XCBuildConfiguration;
			buildSettings = {
				APPLICATION_EXTENSION_API_ONLY = YES;
				CLANG_ENABLE_MODULES = YES;
				"CODE_SIGN_IDENTITY[sdk=iphoneos*]" = "";
				DEFINES_MODULE = YES;
				DYLIB_COMPATIBILITY_VERSION = 1;
				DYLIB_CURRENT_VERSION = 1;
				DYLIB_INSTALL_NAME_BASE = "@rpath";
				FRAMEWORK_SEARCH_PATHS = (
					"$(inherited)",
					"$(PROJECT_DIR)/Carthage/Build/iOS",
				);
				INFOPLIST_FILE = Configs/SearchAndSelect.plist;
				INSTALL_PATH = "$(LOCAL_LIBRARY_DIR)/Frameworks";
				IPHONEOS_DEPLOYMENT_TARGET = 9.0;
				LD_RUNPATH_SEARCH_PATHS = "$(inherited) @executable_path/Frameworks @loader_path/Frameworks";
				PRODUCT_BUNDLE_IDENTIFIER = "com.SearchAndSelect.SearchAndSelect-iOS";
				PRODUCT_NAME = SearchAndSelect;
				SKIP_INSTALL = YES;
				SWIFT_OPTIMIZATION_LEVEL = "-Owholemodule";
				SWIFT_VERSION = 3.0;
			};
			name = Release;
		};
		52D6D9941BEFF229002C0205 /* Debug */ = {
			isa = XCBuildConfiguration;
			buildSettings = {
				CLANG_ENABLE_MODULES = YES;
				INFOPLIST_FILE = Configs/SearchAndSelectTests.plist;
				LD_RUNPATH_SEARCH_PATHS = "$(inherited) @executable_path/Frameworks @loader_path/Frameworks";
				PRODUCT_BUNDLE_IDENTIFIER = "com.SearchAndSelect.SearchAndSelect-iOS-Tests";
				PRODUCT_NAME = "$(TARGET_NAME)";
				SWIFT_OPTIMIZATION_LEVEL = "-Onone";
				SWIFT_VERSION = 3.0;
			};
			name = Debug;
		};
		52D6D9951BEFF229002C0205 /* Release */ = {
			isa = XCBuildConfiguration;
			buildSettings = {
				CLANG_ENABLE_MODULES = YES;
				INFOPLIST_FILE = Configs/SearchAndSelectTests.plist;
				LD_RUNPATH_SEARCH_PATHS = "$(inherited) @executable_path/Frameworks @loader_path/Frameworks";
				PRODUCT_BUNDLE_IDENTIFIER = "com.SearchAndSelect.SearchAndSelect-iOS-Tests";
				PRODUCT_NAME = "$(TARGET_NAME)";
				SWIFT_OPTIMIZATION_LEVEL = "-Owholemodule";
				SWIFT_VERSION = 3.0;
			};
			name = Release;
		};
/* End XCBuildConfiguration section */

/* Begin XCConfigurationList section */
		422BC5A61E04999D00001677 /* Build configuration list for PBXNativeTarget "Example" */ = {
			isa = XCConfigurationList;
			buildConfigurations = (
				422BC5A71E04999D00001677 /* Debug */,
				422BC5A81E04999D00001677 /* Release */,
			);
			defaultConfigurationIsVisible = 0;
			defaultConfigurationName = Release;
		};
		422BC5A91E04999D00001677 /* Build configuration list for PBXNativeTarget "ExampleTests" */ = {
			isa = XCConfigurationList;
			buildConfigurations = (
				422BC5AA1E04999D00001677 /* Debug */,
				422BC5AB1E04999D00001677 /* Release */,
			);
			defaultConfigurationIsVisible = 0;
			defaultConfigurationName = Release;
		};
		422BC5AC1E04999D00001677 /* Build configuration list for PBXNativeTarget "ExampleUITests" */ = {
			isa = XCConfigurationList;
			buildConfigurations = (
				422BC5AD1E04999D00001677 /* Debug */,
				422BC5AE1E04999D00001677 /* Release */,
			);
			defaultConfigurationIsVisible = 0;
			defaultConfigurationName = Release;
		};
		52D6D9761BEFF229002C0205 /* Build configuration list for PBXProject "SearchAndSelect" */ = {
			isa = XCConfigurationList;
			buildConfigurations = (
				52D6D98E1BEFF229002C0205 /* Debug */,
				52D6D98F1BEFF229002C0205 /* Release */,
			);
			defaultConfigurationIsVisible = 0;
			defaultConfigurationName = Release;
		};
		52D6D9901BEFF229002C0205 /* Build configuration list for PBXNativeTarget "SearchAndSelect-iOS" */ = {
			isa = XCConfigurationList;
			buildConfigurations = (
				52D6D9911BEFF229002C0205 /* Debug */,
				52D6D9921BEFF229002C0205 /* Release */,
			);
			defaultConfigurationIsVisible = 0;
			defaultConfigurationName = Release;
		};
		52D6D9931BEFF229002C0205 /* Build configuration list for PBXNativeTarget "SearchAndSelect-iOS Tests" */ = {
			isa = XCConfigurationList;
			buildConfigurations = (
				52D6D9941BEFF229002C0205 /* Debug */,
				52D6D9951BEFF229002C0205 /* Release */,
			);
			defaultConfigurationIsVisible = 0;
			defaultConfigurationName = Release;
		};
/* End XCConfigurationList section */
	};
	rootObject = 52D6D9731BEFF229002C0205 /* Project object */;
}
